
Microsoft Visual Studio Solution File, Format Version 12.00
# Visual Studio 2012
Project("{FAE04EC0-301F-11D3-BF4B-00C04F79EFBC}") = "UrbanGame", "UrbanGame\UrbanGame.csproj", "{6DBCB28D-4EB5-42A1-A734-9295C9C5297A}"
EndProject
Project("{FAE04EC0-301F-11D3-BF4B-00C04F79EFBC}") = "UrbanGameTests", "UrbanGameTests\UrbanGameTests.csproj", "{A7018DF7-9CB9-4129-BC35-2D566C099A86}"
EndProject
Project("{2150E333-8FDC-42A3-9474-1A3956D46DE8}") = ".nuget", ".nuget", "{F8C1567A-9F83-4CB9-97DC-604C10915F68}"
	ProjectSection(SolutionItems) = preProject
		.nuget\NuGet.Config = .nuget\NuGet.Config
		.nuget\NuGet.exe = .nuget\NuGet.exe
		.nuget\NuGet.targets = .nuget\NuGet.targets
	EndProjectSection
EndProject
Project("{FAE04EC0-301F-11D3-BF4B-00C04F79EFBC}") = "Common", "Common\Common.csproj", "{E7C6CD32-71A2-4CAC-9FC7-4F4E90ADFA9D}"
EndProject
Project("{FAE04EC0-301F-11D3-BF4B-00C04F79EFBC}") = "WebService", "WebService\WebService.csproj", "{2890C315-043A-4F80-90B5-5618C7FAD3E4}"
EndProject
Global
	GlobalSection(SolutionConfigurationPlatforms) = preSolution
		Debug|Any CPU = Debug|Any CPU
		Release|Any CPU = Release|Any CPU
	EndGlobalSection
	GlobalSection(ProjectConfigurationPlatforms) = postSolution
		{6DBCB28D-4EB5-42A1-A734-9295C9C5297A}.Debug|Any CPU.ActiveCfg = Debug|Any CPU
		{6DBCB28D-4EB5-42A1-A734-9295C9C5297A}.Debug|Any CPU.Build.0 = Debug|Any CPU
		{6DBCB28D-4EB5-42A1-A734-9295C9C5297A}.Debug|Any CPU.Deploy.0 = Debug|Any CPU
		{6DBCB28D-4EB5-42A1-A734-9295C9C5297A}.Release|Any CPU.ActiveCfg = Release|Any CPU
		{6DBCB28D-4EB5-42A1-A734-9295C9C5297A}.Release|Any CPU.Build.0 = Release|Any CPU
		{6DBCB28D-4EB5-42A1-A734-9295C9C5297A}.Release|Any CPU.Deploy.0 = Release|Any CPU
		{A7018DF7-9CB9-4129-BC35-2D566C099A86}.Debug|Any CPU.ActiveCfg = Debug|Any CPU
		{A7018DF7-9CB9-4129-BC35-2D566C099A86}.Debug|Any CPU.Build.0 = Debug|Any CPU
		{A7018DF7-9CB9-4129-BC35-2D566C099A86}.Debug|Any CPU.Deploy.0 = Debug|Any CPU
		{A7018DF7-9CB9-4129-BC35-2D566C099A86}.Release|Any CPU.ActiveCfg = Release|Any CPU
		{A7018DF7-9CB9-4129-BC35-2D566C099A86}.Release|Any CPU.Build.0 = Release|Any CPU
		{A7018DF7-9CB9-4129-BC35-2D566C099A86}.Release|Any CPU.Deploy.0 = Release|Any CPU
		{E7C6CD32-71A2-4CAC-9FC7-4F4E90ADFA9D}.Debug|Any CPU.ActiveCfg = Debug|Any CPU
		{E7C6CD32-71A2-4CAC-9FC7-4F4E90ADFA9D}.Debug|Any CPU.Build.0 = Debug|Any CPU
		{E7C6CD32-71A2-4CAC-9FC7-4F4E90ADFA9D}.Release|Any CPU.ActiveCfg = Release|Any CPU
		{E7C6CD32-71A2-4CAC-9FC7-4F4E90ADFA9D}.Release|Any CPU.Build.0 = Release|Any CPU
		{2890C315-043A-4F80-90B5-5618C7FAD3E4}.Debug|Any CPU.ActiveCfg = Debug|Any CPU
		{2890C315-043A-4F80-90B5-5618C7FAD3E4}.Debug|Any CPU.Build.0 = Debug|Any CPU
		{2890C315-043A-4F80-90B5-5618C7FAD3E4}.Release|Any CPU.ActiveCfg = Release|Any CPU
		{2890C315-043A-4F80-90B5-5618C7FAD3E4}.Release|Any CPU.Build.0 = Release|Any CPU
	EndGlobalSection
	GlobalSection(SolutionProperties) = preSolution
		HideSolutionNode = FALSE
	EndGlobalSection
EndGlobal
